
Microsoft Visual Studio Solution File, Format Version 12.00
# Visual Studio 2013
VisualStudioVersion = 12.0.21005.1
MinimumVisualStudioVersion = 10.0.40219.1
Project("{FAE04EC0-301F-11D3-BF4B-00C04F79EFBC}") = "Seranet.Api", "Seranet.Api\Seranet.Api.csproj", "{D54B21D8-607D-4505-946E-99B7ECE1FEDA}"
EndProject
Project("{FAE04EC0-301F-11D3-BF4B-00C04F79EFBC}") = "Seranet.Api.Plugins.Employee", "Seranet.Api.Plugins.Employee\Seranet.Api.Plugins.Employee.csproj", "{D39E5FC9-878A-45A3-88BC-F8525FD31100}"
EndProject
Project("{FAE04EC0-301F-11D3-BF4B-00C04F79EFBC}") = "Seranet.Api.Core", "Seranet.Api.Core\Seranet.Api.Core.csproj", "{B8D29D84-8E98-4966-B47D-3727549EF97D}"
EndProject
Project("{2150E333-8FDC-42A3-9474-1A3956D46DE8}") = ".nuget", ".nuget", "{2DAA7D63-03DB-4023-8299-7E975A0FF382}"
	ProjectSection(SolutionItems) = preProject
		.nuget\NuGet.Config = .nuget\NuGet.Config
		.nuget\NuGet.exe = .nuget\NuGet.exe
		.nuget\NuGet.targets = .nuget\NuGet.targets
	EndProjectSection
EndProject
Project("{FAE04EC0-301F-11D3-BF4B-00C04F79EFBC}") = "Seranet.Api.Plugins.Project", "Seranet.Api.Plugins.Project\Seranet.Api.Plugins.Project.csproj", "{96BB116C-5143-403E-BEF5-E7C1F020B870}"
EndProject
Project("{FAE04EC0-301F-11D3-BF4B-00C04F79EFBC}") = "Seranet.Api.Plugins.Email", "Seranet.Api.Plugins.Email\Seranet.Api.Plugins.Email.csproj", "{1022AD32-6E33-47B6-A312-221E48A7CD44}"
EndProject
Project("{FAE04EC0-301F-11D3-BF4B-00C04F79EFBC}") = "Seranet.Api.Plugins.Contacts", "Seranet.Api.Plugins.Contacts\Seranet.Api.Plugins.Contacts.csproj", "{D6CB95AD-CE77-4D63-A345-B801E8AB06E7}"
EndProject
Project("{FAE04EC0-301F-11D3-BF4B-00C04F79EFBC}") = "Seranet.Api.Authentication", "Seranet.Api.Authentication\Seranet.Api.Authentication.csproj", "{E48788AD-19E5-4D85-B7C9-6D84915A238B}"
EndProject
Global
	GlobalSection(SolutionConfigurationPlatforms) = preSolution
		Debug|Any CPU = Debug|Any CPU
		Debug|ARM = Debug|ARM
		Debug|x64 = Debug|x64
		Debug|x86 = Debug|x86
		Release|Any CPU = Release|Any CPU
		Release|ARM = Release|ARM
		Release|x64 = Release|x64
		Release|x86 = Release|x86
	EndGlobalSection
	GlobalSection(ProjectConfigurationPlatforms) = postSolution
		{D54B21D8-607D-4505-946E-99B7ECE1FEDA}.Debug|Any CPU.ActiveCfg = Debug|Any CPU
		{D54B21D8-607D-4505-946E-99B7ECE1FEDA}.Debug|Any CPU.Build.0 = Debug|Any CPU
		{D54B21D8-607D-4505-946E-99B7ECE1FEDA}.Debug|ARM.ActiveCfg = Debug|Any CPU
		{D54B21D8-607D-4505-946E-99B7ECE1FEDA}.Debug|x64.ActiveCfg = Debug|Any CPU
		{D54B21D8-607D-4505-946E-99B7ECE1FEDA}.Debug|x86.ActiveCfg = Debug|Any CPU
		{D54B21D8-607D-4505-946E-99B7ECE1FEDA}.Release|Any CPU.ActiveCfg = Release|Any CPU
		{D54B21D8-607D-4505-946E-99B7ECE1FEDA}.Release|Any CPU.Build.0 = Release|Any CPU
		{D54B21D8-607D-4505-946E-99B7ECE1FEDA}.Release|ARM.ActiveCfg = Release|Any CPU
		{D54B21D8-607D-4505-946E-99B7ECE1FEDA}.Release|x64.ActiveCfg = Release|Any CPU
		{D54B21D8-607D-4505-946E-99B7ECE1FEDA}.Release|x86.ActiveCfg = Release|Any CPU
		{D39E5FC9-878A-45A3-88BC-F8525FD31100}.Debug|Any CPU.ActiveCfg = Debug|Any CPU
		{D39E5FC9-878A-45A3-88BC-F8525FD31100}.Debug|Any CPU.Build.0 = Debug|Any CPU
		{D39E5FC9-878A-45A3-88BC-F8525FD31100}.Debug|ARM.ActiveCfg = Debug|Any CPU
		{D39E5FC9-878A-45A3-88BC-F8525FD31100}.Debug|x64.ActiveCfg = Debug|Any CPU
		{D39E5FC9-878A-45A3-88BC-F8525FD31100}.Debug|x86.ActiveCfg = Debug|Any CPU
		{D39E5FC9-878A-45A3-88BC-F8525FD31100}.Release|Any CPU.ActiveCfg = Release|Any CPU
		{D39E5FC9-878A-45A3-88BC-F8525FD31100}.Release|Any CPU.Build.0 = Release|Any CPU
		{D39E5FC9-878A-45A3-88BC-F8525FD31100}.Release|ARM.ActiveCfg = Release|Any CPU
		{D39E5FC9-878A-45A3-88BC-F8525FD31100}.Release|x64.ActiveCfg = Release|Any CPU
		{D39E5FC9-878A-45A3-88BC-F8525FD31100}.Release|x86.ActiveCfg = Release|Any CPU
		{B8D29D84-8E98-4966-B47D-3727549EF97D}.Debug|Any CPU.ActiveCfg = Debug|Any CPU
		{B8D29D84-8E98-4966-B47D-3727549EF97D}.Debug|Any CPU.Build.0 = Debug|Any CPU
		{B8D29D84-8E98-4966-B47D-3727549EF97D}.Debug|ARM.ActiveCfg = Debug|Any CPU
		{B8D29D84-8E98-4966-B47D-3727549EF97D}.Debug|x64.ActiveCfg = Debug|Any CPU
		{B8D29D84-8E98-4966-B47D-3727549EF97D}.Debug|x86.ActiveCfg = Debug|Any CPU
		{B8D29D84-8E98-4966-B47D-3727549EF97D}.Release|Any CPU.ActiveCfg = Release|Any CPU
		{B8D29D84-8E98-4966-B47D-3727549EF97D}.Release|Any CPU.Build.0 = Release|Any CPU
		{B8D29D84-8E98-4966-B47D-3727549EF97D}.Release|ARM.ActiveCfg = Release|Any CPU
		{B8D29D84-8E98-4966-B47D-3727549EF97D}.Release|x64.ActiveCfg = Release|Any CPU
		{B8D29D84-8E98-4966-B47D-3727549EF97D}.Release|x86.ActiveCfg = Release|Any CPU
		{96BB116C-5143-403E-BEF5-E7C1F020B870}.Debug|Any CPU.ActiveCfg = Debug|Any CPU
		{96BB116C-5143-403E-BEF5-E7C1F020B870}.Debug|Any CPU.Build.0 = Debug|Any CPU
		{96BB116C-5143-403E-BEF5-E7C1F020B870}.Debug|ARM.ActiveCfg = Debug|Any CPU
		{96BB116C-5143-403E-BEF5-E7C1F020B870}.Debug|x64.ActiveCfg = Debug|Any CPU
		{96BB116C-5143-403E-BEF5-E7C1F020B870}.Debug|x86.ActiveCfg = Debug|Any CPU
		{96BB116C-5143-403E-BEF5-E7C1F020B870}.Release|Any CPU.ActiveCfg = Release|Any CPU
		{96BB116C-5143-403E-BEF5-E7C1F020B870}.Release|Any CPU.Build.0 = Release|Any CPU
		{96BB116C-5143-403E-BEF5-E7C1F020B870}.Release|ARM.ActiveCfg = Release|Any CPU
		{96BB116C-5143-403E-BEF5-E7C1F020B870}.Release|x64.ActiveCfg = Release|Any CPU
		{96BB116C-5143-403E-BEF5-E7C1F020B870}.Release|x86.ActiveCfg = Release|Any CPU
		{1022AD32-6E33-47B6-A312-221E48A7CD44}.Debug|Any CPU.ActiveCfg = Debug|Any CPU
		{1022AD32-6E33-47B6-A312-221E48A7CD44}.Debug|Any CPU.Build.0 = Debug|Any CPU
		{1022AD32-6E33-47B6-A312-221E48A7CD44}.Debug|ARM.ActiveCfg = Debug|Any CPU
		{1022AD32-6E33-47B6-A312-221E48A7CD44}.Debug|x64.ActiveCfg = Debug|Any CPU
		{1022AD32-6E33-47B6-A312-221E48A7CD44}.Debug|x86.ActiveCfg = Debug|Any CPU
		{1022AD32-6E33-47B6-A312-221E48A7CD44}.Release|Any CPU.ActiveCfg = Release|Any CPU
		{1022AD32-6E33-47B6-A312-221E48A7CD44}.Release|Any CPU.Build.0 = Release|Any CPU
		{1022AD32-6E33-47B6-A312-221E48A7CD44}.Release|ARM.ActiveCfg = Release|Any CPU
		{1022AD32-6E33-47B6-A312-221E48A7CD44}.Release|x64.ActiveCfg = Release|Any CPU
		{1022AD32-6E33-47B6-A312-221E48A7CD44}.Release|x86.ActiveCfg = Release|Any CPU
		{D6CB95AD-CE77-4D63-A345-B801E8AB06E7}.Debug|Any CPU.ActiveCfg = Debug|Any CPU
		{D6CB95AD-CE77-4D63-A345-B801E8AB06E7}.Debug|Any CPU.Build.0 = Debug|Any CPU
		{D6CB95AD-CE77-4D63-A345-B801E8AB06E7}.Debug|ARM.ActiveCfg = Debug|Any CPU
		{D6CB95AD-CE77-4D63-A345-B801E8AB06E7}.Debug|x64.ActiveCfg = Debug|Any CPU
		{D6CB95AD-CE77-4D63-A345-B801E8AB06E7}.Debug|x86.ActiveCfg = Debug|Any CPU
		{D6CB95AD-CE77-4D63-A345-B801E8AB06E7}.Release|Any CPU.ActiveCfg = Release|Any CPU
		{D6CB95AD-CE77-4D63-A345-B801E8AB06E7}.Release|Any CPU.Build.0 = Release|Any CPU
		{D6CB95AD-CE77-4D63-A345-B801E8AB06E7}.Release|ARM.ActiveCfg = Release|Any CPU
		{D6CB95AD-CE77-4D63-A345-B801E8AB06E7}.Release|x64.ActiveCfg = Release|Any CPU
		{D6CB95AD-CE77-4D63-A345-B801E8AB06E7}.Release|x86.ActiveCfg = Release|Any CPU
		{E48788AD-19E5-4D85-B7C9-6D84915A238B}.Debug|Any CPU.ActiveCfg = Debug|Any CPU
		{E48788AD-19E5-4D85-B7C9-6D84915A238B}.Debug|Any CPU.Build.0 = Debug|Any CPU
		{E48788AD-19E5-4D85-B7C9-6D84915A238B}.Debug|ARM.ActiveCfg = Debug|Any CPU
		{E48788AD-19E5-4D85-B7C9-6D84915A238B}.Debug|x64.ActiveCfg = Debug|Any CPU
		{E48788AD-19E5-4D85-B7C9-6D84915A238B}.Debug|x86.ActiveCfg = Debug|Any CPU
		{E48788AD-19E5-4D85-B7C9-6D84915A238B}.Release|Any CPU.ActiveCfg = Release|Any CPU
		{E48788AD-19E5-4D85-B7C9-6D84915A238B}.Release|Any CPU.Build.0 = Release|Any CPU
		{E48788AD-19E5-4D85-B7C9-6D84915A238B}.Release|ARM.ActiveCfg = Release|Any CPU
		{E48788AD-19E5-4D85-B7C9-6D84915A238B}.Release|x64.ActiveCfg = Release|Any CPU
		{E48788AD-19E5-4D85-B7C9-6D84915A238B}.Release|x86.ActiveCfg = Release|Any CPU
	EndGlobalSection
	GlobalSection(SolutionProperties) = preSolution
		HideSolutionNode = FALSE
	EndGlobalSection
EndGlobal
